
Microsoft Visual Studio Solution File, Format Version 12.00
# Visual Studio Version 17
VisualStudioVersion = 17.6.33815.320
MinimumVisualStudioVersion = 10.0.40219.1
Project("{9A19103F-16F7-4668-BE54-9A1E7A4F7556}") = "SalesWPF", "SalesWPF.csproj", "{B7245500-FB96-43DA-883A-B7CE7EF3B897}"
EndProject
Project("{9A19103F-16F7-4668-BE54-9A1E7A4F7556}") = "ClassLibrary", "..\ClassLibrary\ClassLibrary.csproj", "{9D87A259-930F-4371-84E8-CD29B8D0CC8E}"
EndProject
Global
	GlobalSection(SolutionConfigurationPlatforms) = preSolution
		Debug|Any CPU = Debug|Any CPU
		Release|Any CPU = Release|Any CPU
	EndGlobalSection
	GlobalSection(ProjectConfigurationPlatforms) = postSolution
		{B7245500-FB96-43DA-883A-B7CE7EF3B897}.Debug|Any CPU.ActiveCfg = Debug|Any CPU
		{B7245500-FB96-43DA-883A-B7CE7EF3B897}.Debug|Any CPU.Build.0 = Debug|Any CPU
		{B7245500-FB96-43DA-883A-B7CE7EF3B897}.Release|Any CPU.ActiveCfg = Release|Any CPU
		{B7245500-FB96-43DA-883A-B7CE7EF3B897}.Release|Any CPU.Build.0 = Release|Any CPU
		{9D87A259-930F-4371-84E8-CD29B8D0CC8E}.Debug|Any CPU.ActiveCfg = Debug|Any CPU
		{9D87A259-930F-4371-84E8-CD29B8D0CC8E}.Debug|Any CPU.Build.0 = Debug|Any CPU
		{9D87A259-930F-4371-84E8-CD29B8D0CC8E}.Release|Any CPU.ActiveCfg = Release|Any CPU
		{9D87A259-930F-4371-84E8-CD29B8D0CC8E}.Release|Any CPU.Build.0 = Release|Any CPU
	EndGlobalSection
	GlobalSection(SolutionProperties) = preSolution
		HideSolutionNode = FALSE
	EndGlobalSection
	GlobalSection(ExtensibilityGlobals) = postSolution
		SolutionGuid = {66E674F4-6B56-408F-A2DA-1B06291EA18A}
	EndGlobalSection
EndGlobal
